PODS:
  - Share (0.1.0):
    - Share/VK (= 0.1.0)
  - Share/VK (0.1.0):
    - VK-ios-sdk (~> 1.4)
  - VK-ios-sdk (1.4.6)

DEPENDENCIES:
  - Share (from `../`)

EXTERNAL SOURCES:
  Share:
    :path: "../"

SPEC CHECKSUMS:
  Share: 7d31f835ec6cdf62c8617454efe669a6213111d6
  VK-ios-sdk: 7fd48bc5aaa6b96c3197c1987eb6593f2ea67331

PODFILE CHECKSUM: fab9bb9e132d04653d5dc7302be9b37f3ac15bf8

COCOAPODS: 1.2.1
